
Microsoft Visual Studio Solution File, Format Version 9.00
# Visual C# Express 2005
Project("{FAE04EC0-301F-11D3-BF4B-00C04F79EFBC}") = "WastedSea", "WastedSea\WastedSea.csproj", "{2135C3A6-7812-49FD-BAB3-9F108CF3F4F4}"
EndProject
Global
	GlobalSection(SolutionConfigurationPlatforms) = preSolution
		Debug|x86 = Debug|x86
		Release|x86 = Release|x86
	EndGlobalSection
	GlobalSection(ProjectConfigurationPlatforms) = postSolution
		{2135C3A6-7812-49FD-BAB3-9F108CF3F4F4}.Debug|x86.ActiveCfg = Debug|x86
		{2135C3A6-7812-49FD-BAB3-9F108CF3F4F4}.Debug|x86.Build.0 = Debug|x86
		{2135C3A6-7812-49FD-BAB3-9F108CF3F4F4}.Release|x86.ActiveCfg = Release|x86
		{2135C3A6-7812-49FD-BAB3-9F108CF3F4F4}.Release|x86.Build.0 = Release|x86
		{4F7B703F-FDA4-43CA-992D-7DF7769B0DF9}.Debug|x86.ActiveCfg = Debug|x86
		{4F7B703F-FDA4-43CA-992D-7DF7769B0DF9}.Release|x86.ActiveCfg = Release|x86
	EndGlobalSection
	GlobalSection(SolutionProperties) = preSolution
		HideSolutionNode = FALSE
	EndGlobalSection
EndGlobal
